
Microsoft Visual Studio Solution File, Format Version 12.00
# Visual Studio Version 16
VisualStudioVersion = 16.0.32126.315
MinimumVisualStudioVersion = 10.0.40219.1
Project("{FAE04EC0-301F-11D3-BF4B-00C04F79EFBC}") = "01. Action Print", "ConsoleApp3\01. Action Print.csproj", "{FAD80279-96E7-45DA-A5FA-4A5702F83D0A}"
EndProject
Global
	GlobalSection(SolutionConfigurationPlatforms) = preSolution
		Debug|Any CPU = Debug|Any CPU
		Release|Any CPU = Release|Any CPU
	EndGlobalSection
	GlobalSection(ProjectConfigurationPlatforms) = postSolution
		{FAD80279-96E7-45DA-A5FA-4A5702F83D0A}.Debug|Any CPU.ActiveCfg = Debug|Any CPU
		{FAD80279-96E7-45DA-A5FA-4A5702F83D0A}.Debug|Any CPU.Build.0 = Debug|Any CPU
		{FAD80279-96E7-45DA-A5FA-4A5702F83D0A}.Release|Any CPU.ActiveCfg = Release|Any CPU
		{FAD80279-96E7-45DA-A5FA-4A5702F83D0A}.Release|Any CPU.Build.0 = Release|Any CPU
	EndGlobalSection
	GlobalSection(SolutionProperties) = preSolution
		HideSolutionNode = FALSE
	EndGlobalSection
	GlobalSection(ExtensibilityGlobals) = postSolution
		SolutionGuid = {EE09BA61-062A-4A0F-9862-28195ED328EF}
	EndGlobalSection
EndGlobal
